
Microsoft Visual Studio Solution File, Format Version 12.00
# Visual Studio Version 16
VisualStudioVersion = 16.0.28803.202
MinimumVisualStudioVersion = 10.0.40219.1
Project("{8BC9CEB8-8B4A-11D0-8D11-00A0C91BC942}") = "DList", "DList.vcxproj", "{255B53F4-569F-42A4-A1D3-343826C02191}"
EndProject
Global
	GlobalSection(SolutionConfigurationPlatforms) = preSolution
		Debug|x64 = Debug|x64
		Debug|x86 = Debug|x86
		Release|x64 = Release|x64
		Release|x86 = Release|x86
	EndGlobalSection
	GlobalSection(ProjectConfigurationPlatforms) = postSolution
		{255B53F4-569F-42A4-A1D3-343826C02191}.Debug|x64.ActiveCfg = Debug|x64
		{255B53F4-569F-42A4-A1D3-343826C02191}.Debug|x64.Build.0 = Debug|x64
		{255B53F4-569F-42A4-A1D3-343826C02191}.Debug|x86.ActiveCfg = Debug|Win32
		{255B53F4-569F-42A4-A1D3-343826C02191}.Debug|x86.Build.0 = Debug|Win32
		{255B53F4-569F-42A4-A1D3-343826C02191}.Release|x64.ActiveCfg = Release|x64
		{255B53F4-569F-42A4-A1D3-343826C02191}.Release|x64.Build.0 = Release|x64
		{255B53F4-569F-42A4-A1D3-343826C02191}.Release|x86.ActiveCfg = Release|Win32
		{255B53F4-569F-42A4-A1D3-343826C02191}.Release|x86.Build.0 = Release|Win32
	EndGlobalSection
	GlobalSection(SolutionProperties) = preSolution
		HideSolutionNode = FALSE
	EndGlobalSection
	GlobalSection(ExtensibilityGlobals) = postSolution
		SolutionGuid = {CB5AF7BC-CE7A-45C0-8205-1AEDE8A2DD88}
	EndGlobalSection
EndGlobal
